
Microsoft Visual Studio Solution File, Format Version 12.00
# Visual Studio Version 16
VisualStudioVersion = 16.0.28527.54
MinimumVisualStudioVersion = 10.0.40219.1
Project("{151D2E53-A2C4-4D7D-83FE-D05416EBD58E}") = "VirtualMachine", "1.0\VirtualMachine.deployproj", "{4EFD7785-F2A3-4128-A909-9B0CAD927079}"
EndProject
Global
	GlobalSection(SolutionConfigurationPlatforms) = preSolution
		Debug|Any CPU = Debug|Any CPU
		Release|Any CPU = Release|Any CPU
	EndGlobalSection
	GlobalSection(ProjectConfigurationPlatforms) = postSolution
		{4EFD7785-F2A3-4128-A909-9B0CAD927079}.Debug|Any CPU.ActiveCfg = Debug|Any CPU
		{4EFD7785-F2A3-4128-A909-9B0CAD927079}.Debug|Any CPU.Build.0 = Debug|Any CPU
		{4EFD7785-F2A3-4128-A909-9B0CAD927079}.Release|Any CPU.ActiveCfg = Release|Any CPU
		{4EFD7785-F2A3-4128-A909-9B0CAD927079}.Release|Any CPU.Build.0 = Release|Any CPU
	EndGlobalSection
	GlobalSection(SolutionProperties) = preSolution
		HideSolutionNode = FALSE
	EndGlobalSection
	GlobalSection(ExtensibilityGlobals) = postSolution
		SolutionGuid = {79927E6E-0416-45F1-923F-1C181B9D0383}
	EndGlobalSection
EndGlobal
